{
    "name": "agglayer-viem",
    "version": "0.2.0",
    "lockfileVersion": 3,
    "requires": true,
    "packages": {
        "": {
            "name": "agglayer-viem",
            "version": "0.2.0",
            "license": "MIT",
            "dependencies": {
                "dotenv": "^16.4.7",
                "node-fetch": "^3.3.2"
            },
            "devDependencies": {
                "@types/node": "^18.0.0",
                "typescript": "^5.0.0"
            },
            "peerDependencies": {
                "viem": "^2.20.0"
            }
        },
        "node_modules/@adraffy/ens-normalize": {
            "version": "1.11.0",
            "license": "MIT",
            "peer": true
        },
        "node_modules/@noble/curves": {
            "version": "1.7.0",
            "license": "MIT",
            "peer": true,
            "dependencies": {
                "@noble/hashes": "1.6.0"
            },
            "engines": {
                "node": "^14.21.3 || >=16"
            },
            "funding": {
                "url": "https://paulmillr.com/funding/"
            }
        },
        "node_modules/@noble/curves/node_modules/@noble/hashes": {
            "version": "1.6.0",
            "license": "MIT",
            "peer": true,
            "engines": {
                "node": "^14.21.3 || >=16"
            },
            "funding": {
                "url": "https://paulmillr.com/funding/"
            }
        },
        "node_modules/@noble/hashes": {
            "version": "1.6.1",
            "license": "MIT",
            "peer": true,
            "engines": {
                "node": "^14.21.3 || >=16"
            },
            "funding": {
                "url": "https://paulmillr.com/funding/"
            }
        },
        "node_modules/@scure/base": {
            "version": "1.2.1",
            "license": "MIT",
            "peer": true,
            "funding": {
                "url": "https://paulmillr.com/funding/"
            }
        },
        "node_modules/@scure/bip32": {
            "version": "1.6.0",
            "license": "MIT",
            "peer": true,
            "dependencies": {
                "@noble/curves": "~1.7.0",
                "@noble/hashes": "~1.6.0",
                "@scure/base": "~1.2.1"
            },
            "funding": {
                "url": "https://paulmillr.com/funding/"
            }
        },
        "node_modules/@scure/bip39": {
            "version": "1.5.0",
            "license": "MIT",
            "peer": true,
            "dependencies": {
                "@noble/hashes": "~1.6.0",
                "@scure/base": "~1.2.1"
            },
            "funding": {
                "url": "https://paulmillr.com/funding/"
            }
        },
        "node_modules/@types/node": {
            "version": "18.19.68",
            "dev": true,
            "license": "MIT",
            "dependencies": {
                "undici-types": "~5.26.4"
            }
        },
        "node_modules/abitype": {
            "version": "1.0.7",
            "license": "MIT",
            "peer": true,
            "funding": {
                "url": "https://github.com/sponsors/wevm"
            },
            "peerDependencies": {
                "typescript": ">=5.0.4",
                "zod": "^3 >=3.22.0"
            },
            "peerDependenciesMeta": {
                "typescript": {
                    "optional": true
                },
                "zod": {
                    "optional": true
                }
            }
        },
        "node_modules/data-uri-to-buffer": {
            "version": "4.0.1",
            "license": "MIT",
            "engines": {
                "node": ">= 12"
            }
        },
        "node_modules/dotenv": {
            "version": "16.4.7",
            "resolved": "https://registry.npmjs.org/dotenv/-/dotenv-16.4.7.tgz",
            "integrity": "sha512-47qPchRCykZC03FhkYAhrvwU4xDBFIj1QPqaarj6mdM/hgUzfPHcpkHJOn3mJAufFeeAxAzeGsr5X0M4k6fLZQ==",
            "engines": {
                "node": ">=12"
            },
            "funding": {
                "url": "https://dotenvx.com"
            }
        },
        "node_modules/eventemitter3": {
            "version": "5.0.1",
            "license": "MIT",
            "peer": true
        },
        "node_modules/fetch-blob": {
            "version": "3.2.0",
            "funding": [
                {
                    "type": "github",
                    "url": "https://github.com/sponsors/jimmywarting"
                },
                {
                    "type": "paypal",
                    "url": "https://paypal.me/jimmywarting"
                }
            ],
            "license": "MIT",
            "dependencies": {
                "node-domexception": "^1.0.0",
                "web-streams-polyfill": "^3.0.3"
            },
            "engines": {
                "node": "^12.20 || >= 14.13"
            }
        },
        "node_modules/formdata-polyfill": {
            "version": "4.0.10",
            "license": "MIT",
            "dependencies": {
                "fetch-blob": "^3.1.2"
            },
            "engines": {
                "node": ">=12.20.0"
            }
        },
        "node_modules/isows": {
            "version": "1.0.6",
            "funding": [
                {
                    "type": "github",
                    "url": "https://github.com/sponsors/wevm"
                }
            ],
            "license": "MIT",
            "peer": true,
            "peerDependencies": {
                "ws": "*"
            }
        },
        "node_modules/node-domexception": {
            "version": "1.0.0",
            "funding": [
                {
                    "type": "github",
                    "url": "https://github.com/sponsors/jimmywarting"
                },
                {
                    "type": "github",
                    "url": "https://paypal.me/jimmywarting"
                }
            ],
            "license": "MIT",
            "engines": {
                "node": ">=10.5.0"
            }
        },
        "node_modules/node-fetch": {
            "version": "3.3.2",
            "license": "MIT",
            "dependencies": {
                "data-uri-to-buffer": "^4.0.0",
                "fetch-blob": "^3.1.4",
                "formdata-polyfill": "^4.0.10"
            },
            "engines": {
                "node": "^12.20.0 || ^14.13.1 || >=16.0.0"
            },
            "funding": {
                "type": "opencollective",
                "url": "https://opencollective.com/node-fetch"
            }
        },
        "node_modules/ox": {
            "version": "0.1.2",
            "funding": [
                {
                    "type": "github",
                    "url": "https://github.com/sponsors/wevm"
                }
            ],
            "license": "MIT",
            "peer": true,
            "dependencies": {
                "@adraffy/ens-normalize": "^1.10.1",
                "@noble/curves": "^1.6.0",
                "@noble/hashes": "^1.5.0",
                "@scure/bip32": "^1.5.0",
                "@scure/bip39": "^1.4.0",
                "abitype": "^1.0.6",
                "eventemitter3": "5.0.1"
            },
            "peerDependencies": {
                "typescript": ">=5.4.0"
            },
            "peerDependenciesMeta": {
                "typescript": {
                    "optional": true
                }
            }
        },
        "node_modules/typescript": {
            "version": "5.7.2",
            "devOptional": true,
            "license": "Apache-2.0",
            "bin": {
                "tsc": "bin/tsc",
                "tsserver": "bin/tsserver"
            },
            "engines": {
                "node": ">=14.17"
            }
        },
        "node_modules/undici-types": {
            "version": "5.26.5",
            "dev": true,
            "license": "MIT"
        },
        "node_modules/viem": {
            "version": "2.21.55",
            "funding": [
                {
                    "type": "github",
                    "url": "https://github.com/sponsors/wevm"
                }
            ],
            "license": "MIT",
            "peer": true,
            "dependencies": {
                "@noble/curves": "1.7.0",
                "@noble/hashes": "1.6.1",
                "@scure/bip32": "1.6.0",
                "@scure/bip39": "1.5.0",
                "abitype": "1.0.7",
                "isows": "1.0.6",
                "ox": "0.1.2",
                "webauthn-p256": "0.0.10",
                "ws": "8.18.0"
            },
            "peerDependencies": {
                "typescript": ">=5.0.4"
            },
            "peerDependenciesMeta": {
                "typescript": {
                    "optional": true
                }
            }
        },
        "node_modules/web-streams-polyfill": {
            "version": "3.3.3",
            "license": "MIT",
            "engines": {
                "node": ">= 8"
            }
        },
        "node_modules/webauthn-p256": {
            "version": "0.0.10",
            "funding": [
                {
                    "type": "github",
                    "url": "https://github.com/sponsors/wevm"
                }
            ],
            "license": "MIT",
            "peer": true,
            "dependencies": {
                "@noble/curves": "^1.4.0",
                "@noble/hashes": "^1.4.0"
            }
        },
        "node_modules/ws": {
            "version": "8.18.0",
            "license": "MIT",
            "peer": true,
            "engines": {
                "node": ">=10.0.0"
            },
            "peerDependencies": {
                "bufferutil": "^4.0.1",
                "utf-8-validate": ">=5.0.2"
            },
            "peerDependenciesMeta": {
                "bufferutil": {
                    "optional": true
                },
                "utf-8-validate": {
                    "optional": true
                }
            }
        }
    }
}
